// !$*UTF8*$!
{
	archiveVersion = 1;
	classes = {
	};
	objectVersion = 55;
	objects = {

/* Begin PBXBuildFile section */
		0FDCD2CC27DF404600BF38C0 /* OurUITextField.swift in Sources */ = {isa = PBXBuildFile; fileRef = 0FDCD2CB27DF404600BF38C0 /* OurUITextField.swift */; };
		79074E8627D7672B000AB284 /* CameraViewController.swift in Sources */ = {isa = PBXBuildFile; fileRef = 79074E8527D7672B000AB284 /* CameraViewController.swift */; };
		790D3A0627DB6016005E5027 /* ProductDataSource.swift in Sources */ = {isa = PBXBuildFile; fileRef = 790D3A0527DB6016005E5027 /* ProductDataSource.swift */; };
		790D3A0927DB62D2005E5027 /* ProductsTableViewCell.swift in Sources */ = {isa = PBXBuildFile; fileRef = 790D3A0827DB62D2005E5027 /* ProductsTableViewCell.swift */; };
		790D3A0B27DB63C9005E5027 /* RecomendationsViewController.swift in Sources */ = {isa = PBXBuildFile; fileRef = 790D3A0A27DB63C9005E5027 /* RecomendationsViewController.swift */; };
		790D3A0D27DB6964005E5027 /* FirstCameraViewController.swift in Sources */ = {isa = PBXBuildFile; fileRef = 790D3A0C27DB6964005E5027 /* FirstCameraViewController.swift */; };
		791A361227EB12D0001D9C13 /* surveyViewController.swift in Sources */ = {isa = PBXBuildFile; fileRef = 791A361127EB12D0001D9C13 /* surveyViewController.swift */; };
		792585B227F0947100054DA3 /* FirebaseAuth in Frameworks */ = {isa = PBXBuildFile; productRef = 792585B127F0947100054DA3 /* FirebaseAuth */; };
		792585B427F0947100054DA3 /* FirebaseAuthCombine-Community in Frameworks */ = {isa = PBXBuildFile; productRef = 792585B327F0947100054DA3 /* FirebaseAuthCombine-Community */; };
		792585B627F0947100054DA3 /* FirebaseDatabase in Frameworks */ = {isa = PBXBuildFile; productRef = 792585B527F0947100054DA3 /* FirebaseDatabase */; };
		792585B827F0947100054DA3 /* FirebaseDatabaseSwift-Beta in Frameworks */ = {isa = PBXBuildFile; productRef = 792585B727F0947100054DA3 /* FirebaseDatabaseSwift-Beta */; };
		792585BA27F0947100054DA3 /* FirebaseFirestore in Frameworks */ = {isa = PBXBuildFile; productRef = 792585B927F0947100054DA3 /* FirebaseFirestore */; };
		792585BC27F0947100054DA3 /* FirebaseFirestoreCombine-Community in Frameworks */ = {isa = PBXBuildFile; productRef = 792585BB27F0947100054DA3 /* FirebaseFirestoreCombine-Community */; };
		792585BE27F0947100054DA3 /* FirebaseFirestoreSwift-Beta in Frameworks */ = {isa = PBXBuildFile; productRef = 792585BD27F0947100054DA3 /* FirebaseFirestoreSwift-Beta */; };
		792585C027F0947100054DA3 /* FirebaseFunctions in Frameworks */ = {isa = PBXBuildFile; productRef = 792585BF27F0947100054DA3 /* FirebaseFunctions */; };
		792585C227F0947100054DA3 /* FirebaseStorage in Frameworks */ = {isa = PBXBuildFile; productRef = 792585C127F0947100054DA3 /* FirebaseStorage */; };
		796A05ED27D60029009E0DAB /* Product.swift in Sources */ = {isa = PBXBuildFile; fileRef = 796A05EC27D60029009E0DAB /* Product.swift */; };
		796A05EF27D60092009E0DAB /* User.swift in Sources */ = {isa = PBXBuildFile; fileRef = 796A05EE27D60092009E0DAB /* User.swift */; };
		796FDBF827CF68A7007FC5CA /* AppDelegate.swift in Sources */ = {isa = PBXBuildFile; fileRef = 796FDBF727CF68A7007FC5CA /* AppDelegate.swift */; };
		796FDBFA27CF68A7007FC5CA /* SceneDelegate.swift in Sources */ = {isa = PBXBuildFile; fileRef = 796FDBF927CF68A7007FC5CA /* SceneDelegate.swift */; };
		796FDBFC27CF68A7007FC5CA /* ViewController.swift in Sources */ = {isa = PBXBuildFile; fileRef = 796FDBFB27CF68A7007FC5CA /* ViewController.swift */; };
		796FDBFF27CF68A7007FC5CA /* Main.storyboard in Resources */ = {isa = PBXBuildFile; fileRef = 796FDBFD27CF68A7007FC5CA /* Main.storyboard */; };
		796FDC0127CF68A8007FC5CA /* Assets.xcassets in Resources */ = {isa = PBXBuildFile; fileRef = 796FDC0027CF68A8007FC5CA /* Assets.xcassets */; };
		796FDC0427CF68A8007FC5CA /* LaunchScreen.storyboard in Resources */ = {isa = PBXBuildFile; fileRef = 796FDC0227CF68A8007FC5CA /* LaunchScreen.storyboard */; };
		797DDECC27EA06D300B0FFE2 /* LoginViewController.swift in Sources */ = {isa = PBXBuildFile; fileRef = 797DDECB27EA06D300B0FFE2 /* LoginViewController.swift */; };
		797DDECE27EA079100B0FFE2 /* GoogleService-Info.plist in Resources */ = {isa = PBXBuildFile; fileRef = 797DDECD27EA079100B0FFE2 /* GoogleService-Info.plist */; };
		797DDED027EA081F00B0FFE2 /* SignUpViewController.swift in Sources */ = {isa = PBXBuildFile; fileRef = 797DDECF27EA081F00B0FFE2 /* SignUpViewController.swift */; };
/* End PBXBuildFile section */

/* Begin PBXFileReference section */
		0FDCD2CB27DF404600BF38C0 /* OurUITextField.swift */ = {isa = PBXFileReference; lastKnownFileType = sourcecode.swift; path = OurUITextField.swift; sourceTree = "<group>"; };
		79074E8527D7672B000AB284 /* CameraViewController.swift */ = {isa = PBXFileReference; lastKnownFileType = sourcecode.swift; path = CameraViewController.swift; sourceTree = "<group>"; };
		790D3A0527DB6016005E5027 /* ProductDataSource.swift */ = {isa = PBXFileReference; lastKnownFileType = sourcecode.swift; path = ProductDataSource.swift; sourceTree = "<group>"; };
		790D3A0827DB62D2005E5027 /* ProductsTableViewCell.swift */ = {isa = PBXFileReference; lastKnownFileType = sourcecode.swift; path = ProductsTableViewCell.swift; sourceTree = "<group>"; };
		790D3A0A27DB63C9005E5027 /* RecomendationsViewController.swift */ = {isa = PBXFileReference; lastKnownFileType = sourcecode.swift; path = RecomendationsViewController.swift; sourceTree = "<group>"; };
		790D3A0C27DB6964005E5027 /* FirstCameraViewController.swift */ = {isa = PBXFileReference; lastKnownFileType = sourcecode.swift; path = FirstCameraViewController.swift; sourceTree = "<group>"; };
		791A361127EB12D0001D9C13 /* surveyViewController.swift */ = {isa = PBXFileReference; lastKnownFileType = sourcecode.swift; path = surveyViewController.swift; sourceTree = "<group>"; };
		796A05EC27D60029009E0DAB /* Product.swift */ = {isa = PBXFileReference; lastKnownFileType = sourcecode.swift; path = Product.swift; sourceTree = "<group>"; };
		796A05EE27D60092009E0DAB /* User.swift */ = {isa = PBXFileReference; lastKnownFileType = sourcecode.swift; path = User.swift; sourceTree = "<group>"; };
		796FDBF427CF68A7007FC5CA /* CompTermProject.app */ = {isa = PBXFileReference; explicitFileType = wrapper.application; includeInIndex = 0; path = CompTermProject.app; sourceTree = BUILT_PRODUCTS_DIR; };
		796FDBF727CF68A7007FC5CA /* AppDelegate.swift */ = {isa = PBXFileReference; lastKnownFileType = sourcecode.swift; path = AppDelegate.swift; sourceTree = "<group>"; };
		796FDBF927CF68A7007FC5CA /* SceneDelegate.swift */ = {isa = PBXFileReference; lastKnownFileType = sourcecode.swift; path = SceneDelegate.swift; sourceTree = "<group>"; };
		796FDBFB27CF68A7007FC5CA /* ViewController.swift */ = {isa = PBXFileReference; lastKnownFileType = sourcecode.swift; path = ViewController.swift; sourceTree = "<group>"; };
		796FDBFE27CF68A7007FC5CA /* Base */ = {isa = PBXFileReference; lastKnownFileType = file.storyboard; name = Base; path = Base.lproj/Main.storyboard; sourceTree = "<group>"; };
		796FDC0027CF68A8007FC5CA /* Assets.xcassets */ = {isa = PBXFileReference; lastKnownFileType = folder.assetcatalog; path = Assets.xcassets; sourceTree = "<group>"; };
		796FDC0327CF68A8007FC5CA /* Base */ = {isa = PBXFileReference; lastKnownFileType = file.storyboard; name = Base; path = Base.lproj/LaunchScreen.storyboard; sourceTree = "<group>"; };
		796FDC0527CF68A8007FC5CA /* Info.plist */ = {isa = PBXFileReference; lastKnownFileType = text.plist.xml; path = Info.plist; sourceTree = "<group>"; };
		797DDECB27EA06D300B0FFE2 /* LoginViewController.swift */ = {isa = PBXFileReference; lastKnownFileType = sourcecode.swift; path = LoginViewController.swift; sourceTree = "<group>"; };
		797DDECD27EA079100B0FFE2 /* GoogleService-Info.plist */ = {isa = PBXFileReference; fileEncoding = 4; lastKnownFileType = text.plist.xml; path = "GoogleService-Info.plist"; sourceTree = "<group>"; };
		797DDECF27EA081F00B0FFE2 /* SignUpViewController.swift */ = {isa = PBXFileReference; lastKnownFileType = sourcecode.swift; path = SignUpViewController.swift; sourceTree = "<group>"; };
/* End PBXFileReference section */

/* Begin PBXFrameworksBuildPhase section */
		796FDBF127CF68A7007FC5CA /* Frameworks */ = {
			isa = PBXFrameworksBuildPhase;
			buildActionMask = 2147483647;
			files = (
				792585B627F0947100054DA3 /* FirebaseDatabase in Frameworks */,
				792585B227F0947100054DA3 /* FirebaseAuth in Frameworks */,
				792585C227F0947100054DA3 /* FirebaseStorage in Frameworks */,
				792585BE27F0947100054DA3 /* FirebaseFirestoreSwift-Beta in Frameworks */,
				792585C027F0947100054DA3 /* FirebaseFunctions in Frameworks */,
				792585B827F0947100054DA3 /* FirebaseDatabaseSwift-Beta in Frameworks */,
				792585BC27F0947100054DA3 /* FirebaseFirestoreCombine-Community in Frameworks */,
				792585BA27F0947100054DA3 /* FirebaseFirestore in Frameworks */,
				792585B427F0947100054DA3 /* FirebaseAuthCombine-Community in Frameworks */,
			);
			runOnlyForDeploymentPostprocessing = 0;
		};
/* End PBXFrameworksBuildPhase section */

/* Begin PBXGroup section */
		79074E8427D76712000AB284 /* ViewControllers */ = {
			isa = PBXGroup;
			children = (
				796FDBFB27CF68A7007FC5CA /* ViewController.swift */,
				79074E8527D7672B000AB284 /* CameraViewController.swift */,
				790D3A0A27DB63C9005E5027 /* RecomendationsViewController.swift */,
				790D3A0C27DB6964005E5027 /* FirstCameraViewController.swift */,
				797DDECB27EA06D300B0FFE2 /* LoginViewController.swift */,
				797DDECF27EA081F00B0FFE2 /* SignUpViewController.swift */,
				791A361127EB12D0001D9C13 /* surveyViewController.swift */,
			);
			path = ViewControllers;
			sourceTree = "<group>";
		};
		790D3A0727DB629D005E5027 /* Cells */ = {
			isa = PBXGroup;
			children = (
				790D3A0827DB62D2005E5027 /* ProductsTableViewCell.swift */,
			);
			path = Cells;
			sourceTree = "<group>";
		};
		796A05EB27D60015009E0DAB /* Model */ = {
			isa = PBXGroup;
			children = (
				796A05EC27D60029009E0DAB /* Product.swift */,
				796A05EE27D60092009E0DAB /* User.swift */,
				790D3A0527DB6016005E5027 /* ProductDataSource.swift */,
			);
			path = Model;
			sourceTree = "<group>";
		};
		796FDBEB27CF68A7007FC5CA = {
			isa = PBXGroup;
			children = (
				796FDBF627CF68A7007FC5CA /* CompTermProject */,
				796FDBF527CF68A7007FC5CA /* Products */,
			);
			sourceTree = "<group>";
		};
		796FDBF527CF68A7007FC5CA /* Products */ = {
			isa = PBXGroup;
			children = (
				796FDBF427CF68A7007FC5CA /* CompTermProject.app */,
			);
			name = Products;
			sourceTree = "<group>";
		};
		796FDBF627CF68A7007FC5CA /* CompTermProject */ = {
			isa = PBXGroup;
			children = (
				790D3A0727DB629D005E5027 /* Cells */,
				79074E8427D76712000AB284 /* ViewControllers */,
				796A05EB27D60015009E0DAB /* Model */,
				796FDBF727CF68A7007FC5CA /* AppDelegate.swift */,
				796FDBF927CF68A7007FC5CA /* SceneDelegate.swift */,
				796FDBFD27CF68A7007FC5CA /* Main.storyboard */,
				796FDC0027CF68A8007FC5CA /* Assets.xcassets */,
				796FDC0227CF68A8007FC5CA /* LaunchScreen.storyboard */,
				796FDC0527CF68A8007FC5CA /* Info.plist */,
				0FDCD2CB27DF404600BF38C0 /* OurUITextField.swift */,
				797DDECD27EA079100B0FFE2 /* GoogleService-Info.plist */,
			);
			path = CompTermProject;
			sourceTree = "<group>";
		};
/* End PBXGroup section */

/* Begin PBXNativeTarget section */
		796FDBF327CF68A7007FC5CA /* CompTermProject */ = {
			isa = PBXNativeTarget;
			buildConfigurationList = 796FDC0827CF68A8007FC5CA /* Build configuration list for PBXNativeTarget "CompTermProject" */;
			buildPhases = (
				796FDBF027CF68A7007FC5CA /* Sources */,
				796FDBF127CF68A7007FC5CA /* Frameworks */,
				796FDBF227CF68A7007FC5CA /* Resources */,
			);
			buildRules = (
			);
			dependencies = (
			);
			name = CompTermProject;
			packageProductDependencies = (
				792585B127F0947100054DA3 /* FirebaseAuth */,
				792585B327F0947100054DA3 /* FirebaseAuthCombine-Community */,
				792585B527F0947100054DA3 /* FirebaseDatabase */,
				792585B727F0947100054DA3 /* FirebaseDatabaseSwift-Beta */,
				792585B927F0947100054DA3 /* FirebaseFirestore */,
				792585BB27F0947100054DA3 /* FirebaseFirestoreCombine-Community */,
				792585BD27F0947100054DA3 /* FirebaseFirestoreSwift-Beta */,
				792585BF27F0947100054DA3 /* FirebaseFunctions */,
				792585C127F0947100054DA3 /* FirebaseStorage */,
			);
			productName = CompTermProject;
			productReference = 796FDBF427CF68A7007FC5CA /* CompTermProject.app */;
			productType = "com.apple.product-type.application";
		};
/* End PBXNativeTarget section */

/* Begin PBXProject section */
		796FDBEC27CF68A7007FC5CA /* Project object */ = {
			isa = PBXProject;
			attributes = {
				BuildIndependentTargetsInParallel = 1;
				LastSwiftUpdateCheck = 1310;
				LastUpgradeCheck = 1310;
				TargetAttributes = {
					796FDBF327CF68A7007FC5CA = {
						CreatedOnToolsVersion = 13.1;
					};
				};
			};
			buildConfigurationList = 796FDBEF27CF68A7007FC5CA /* Build configuration list for PBXProject "CompTermProject" */;
			compatibilityVersion = "Xcode 13.0";
			developmentRegion = en;
			hasScannedForEncodings = 0;
			knownRegions = (
				en,
				Base,
			);
			mainGroup = 796FDBEB27CF68A7007FC5CA;
			packageReferences = (
				792585B027F0947100054DA3 /* XCRemoteSwiftPackageReference "firebase-ios-sdk" */,
			);
			productRefGroup = 796FDBF527CF68A7007FC5CA /* Products */;
			projectDirPath = "";
			projectRoot = "";
			targets = (
				796FDBF327CF68A7007FC5CA /* CompTermProject */,
			);
		};
/* End PBXProject section */

/* Begin PBXResourcesBuildPhase section */
		796FDBF227CF68A7007FC5CA /* Resources */ = {
			isa = PBXResourcesBuildPhase;
			buildActionMask = 2147483647;
			files = (
				796FDC0427CF68A8007FC5CA /* LaunchScreen.storyboard in Resources */,
				797DDECE27EA079100B0FFE2 /* GoogleService-Info.plist in Resources */,
				796FDC0127CF68A8007FC5CA /* Assets.xcassets in Resources */,
				796FDBFF27CF68A7007FC5CA /* Main.storyboard in Resources */,
			);
			runOnlyForDeploymentPostprocessing = 0;
		};
/* End PBXResourcesBuildPhase section */

/* Begin PBXSourcesBuildPhase section */
		796FDBF027CF68A7007FC5CA /* Sources */ = {
			isa = PBXSourcesBuildPhase;
			buildActionMask = 2147483647;
			files = (
				791A361227EB12D0001D9C13 /* surveyViewController.swift in Sources */,
				797DDECC27EA06D300B0FFE2 /* LoginViewController.swift in Sources */,
				790D3A0627DB6016005E5027 /* ProductDataSource.swift in Sources */,
				796FDBFC27CF68A7007FC5CA /* ViewController.swift in Sources */,
				796A05ED27D60029009E0DAB /* Product.swift in Sources */,
				796FDBF827CF68A7007FC5CA /* AppDelegate.swift in Sources */,
				796A05EF27D60092009E0DAB /* User.swift in Sources */,
				790D3A0927DB62D2005E5027 /* ProductsTableViewCell.swift in Sources */,
				790D3A0D27DB6964005E5027 /* FirstCameraViewController.swift in Sources */,
				0FDCD2CC27DF404600BF38C0 /* OurUITextField.swift in Sources */,
				796FDBFA27CF68A7007FC5CA /* SceneDelegate.swift in Sources */,
				79074E8627D7672B000AB284 /* CameraViewController.swift in Sources */,
				797DDED027EA081F00B0FFE2 /* SignUpViewController.swift in Sources */,
				790D3A0B27DB63C9005E5027 /* RecomendationsViewController.swift in Sources */,
			);
			runOnlyForDeploymentPostprocessing = 0;
		};
/* End PBXSourcesBuildPhase section */

/* Begin PBXVariantGroup section */
		796FDBFD27CF68A7007FC5CA /* Main.storyboard */ = {
			isa = PBXVariantGroup;
			children = (
				796FDBFE27CF68A7007FC5CA /* Base */,
			);
			name = Main.storyboard;
			sourceTree = "<group>";
		};
		796FDC0227CF68A8007FC5CA /* LaunchScreen.storyboard */ = {
			isa = PBXVariantGroup;
			children = (
				796FDC0327CF68A8007FC5CA /* Base */,
			);
			name = LaunchScreen.storyboard;
			sourceTree = "<group>";
		};
/* End PBXVariantGroup section */

/* Begin XCBuildConfiguration section */
		796FDC0627CF68A8007FC5CA /* Debug */ = {
			isa = XCBuildConfiguration;
			buildSettings = {
				ALWAYS_SEARCH_USER_PATHS = NO;
				CLANG_ANALYZER_NONNULL = YES;
				CLANG_ANALYZER_NUMBER_OBJECT_CONVERSION = YES_AGGRESSIVE;
				CLANG_CXX_LANGUAGE_STANDARD = "gnu++17";
				CLANG_CXX_LIBRARY = "libc++";
				CLANG_ENABLE_MODULES = YES;
				CLANG_ENABLE_OBJC_ARC = YES;
				CLANG_ENABLE_OBJC_WEAK = YES;
				CLANG_WARN_BLOCK_CAPTURE_AUTORELEASING = YES;
				CLANG_WARN_BOOL_CONVERSION = YES;
				CLANG_WARN_COMMA = YES;
				CLANG_WARN_CONSTANT_CONVERSION = YES;
				CLANG_WARN_DEPRECATED_OBJC_IMPLEMENTATIONS = YES;
				CLANG_WARN_DIRECT_OBJC_ISA_USAGE = YES_ERROR;
				CLANG_WARN_DOCUMENTATION_COMMENTS = YES;
				CLANG_WARN_EMPTY_BODY = YES;
				CLANG_WARN_ENUM_CONVERSION = YES;
				CLANG_WARN_INFINITE_RECURSION = YES;
				CLANG_WARN_INT_CONVERSION = YES;
				CLANG_WARN_NON_LITERAL_NULL_CONVERSION = YES;
				CLANG_WARN_OBJC_IMPLICIT_RETAIN_SELF = YES;
				CLANG_WARN_OBJC_LITERAL_CONVERSION = YES;
				CLANG_WARN_OBJC_ROOT_CLASS = YES_ERROR;
				CLANG_WARN_QUOTED_INCLUDE_IN_FRAMEWORK_HEADER = YES;
				CLANG_WARN_RANGE_LOOP_ANALYSIS = YES;
				CLANG_WARN_STRICT_PROTOTYPES = YES;
				CLANG_WARN_SUSPICIOUS_MOVE = YES;
				CLANG_WARN_UNGUARDED_AVAILABILITY = YES_AGGRESSIVE;
				CLANG_WARN_UNREACHABLE_CODE = YES;
				CLANG_WARN__DUPLICATE_METHOD_MATCH = YES;
				COPY_PHASE_STRIP = NO;
				DEBUG_INFORMATION_FORMAT = dwarf;
				ENABLE_STRICT_OBJC_MSGSEND = YES;
				ENABLE_TESTABILITY = YES;
				GCC_C_LANGUAGE_STANDARD = gnu11;
				GCC_DYNAMIC_NO_PIC = NO;
				GCC_NO_COMMON_BLOCKS = YES;
				GCC_OPTIMIZATION_LEVEL = 0;
				GCC_PREPROCESSOR_DEFINITIONS = (
					"DEBUG=1",
					"$(inherited)",
				);
				GCC_WARN_64_TO_32_BIT_CONVERSION = YES;
				GCC_WARN_ABOUT_RETURN_TYPE = YES_ERROR;
				GCC_WARN_UNDECLARED_SELECTOR = YES;
				GCC_WARN_UNINITIALIZED_AUTOS = YES_AGGRESSIVE;
				GCC_WARN_UNUSED_FUNCTION = YES;
				GCC_WARN_UNUSED_VARIABLE = YES;
				IPHONEOS_DEPLOYMENT_TARGET = 15.0;
				MTL_ENABLE_DEBUG_INFO = INCLUDE_SOURCE;
				MTL_FAST_MATH = YES;
				ONLY_ACTIVE_ARCH = YES;
				SDKROOT = iphoneos;
				SWIFT_ACTIVE_COMPILATION_CONDITIONS = DEBUG;
				SWIFT_OPTIMIZATION_LEVEL = "-Onone";
			};
			name = Debug;
		};
		796FDC0727CF68A8007FC5CA /* Release */ = {
			isa = XCBuildConfiguration;
			buildSettings = {
				ALWAYS_SEARCH_USER_PATHS = NO;
				CLANG_ANALYZER_NONNULL = YES;
				CLANG_ANALYZER_NUMBER_OBJECT_CONVERSION = YES_AGGRESSIVE;
				CLANG_CXX_LANGUAGE_STANDARD = "gnu++17";
				CLANG_CXX_LIBRARY = "libc++";
				CLANG_ENABLE_MODULES = YES;
				CLANG_ENABLE_OBJC_ARC = YES;
				CLANG_ENABLE_OBJC_WEAK = YES;
				CLANG_WARN_BLOCK_CAPTURE_AUTORELEASING = YES;
				CLANG_WARN_BOOL_CONVERSION = YES;
				CLANG_WARN_COMMA = YES;
				CLANG_WARN_CONSTANT_CONVERSION = YES;
				CLANG_WARN_DEPRECATED_OBJC_IMPLEMENTATIONS = YES;
				CLANG_WARN_DIRECT_OBJC_ISA_USAGE = YES_ERROR;
				CLANG_WARN_DOCUMENTATION_COMMENTS = YES;
				CLANG_WARN_EMPTY_BODY = YES;
				CLANG_WARN_ENUM_CONVERSION = YES;
				CLANG_WARN_INFINITE_RECURSION = YES;
				CLANG_WARN_INT_CONVERSION = YES;
				CLANG_WARN_NON_LITERAL_NULL_CONVERSION = YES;
				CLANG_WARN_OBJC_IMPLICIT_RETAIN_SELF = YES;
				CLANG_WARN_OBJC_LITERAL_CONVERSION = YES;
				CLANG_WARN_OBJC_ROOT_CLASS = YES_ERROR;
				CLANG_WARN_QUOTED_INCLUDE_IN_FRAMEWORK_HEADER = YES;
				CLANG_WARN_RANGE_LOOP_ANALYSIS = YES;
				CLANG_WARN_STRICT_PROTOTYPES = YES;
				CLANG_WARN_SUSPICIOUS_MOVE = YES;
				CLANG_WARN_UNGUARDED_AVAILABILITY = YES_AGGRESSIVE;
				CLANG_WARN_UNREACHABLE_CODE = YES;
				CLANG_WARN__DUPLICATE_METHOD_MATCH = YES;
				COPY_PHASE_STRIP = NO;
				DEBUG_INFORMATION_FORMAT = "dwarf-with-dsym";
				ENABLE_NS_ASSERTIONS = NO;
				ENABLE_STRICT_OBJC_MSGSEND = YES;
				GCC_C_LANGUAGE_STANDARD = gnu11;
				GCC_NO_COMMON_BLOCKS = YES;
				GCC_WARN_64_TO_32_BIT_CONVERSION = YES;
				GCC_WARN_ABOUT_RETURN_TYPE = YES_ERROR;
				GCC_WARN_UNDECLARED_SELECTOR = YES;
				GCC_WARN_UNINITIALIZED_AUTOS = YES_AGGRESSIVE;
				GCC_WARN_UNUSED_FUNCTION = YES;
				GCC_WARN_UNUSED_VARIABLE = YES;
				IPHONEOS_DEPLOYMENT_TARGET = 15.0;
				MTL_ENABLE_DEBUG_INFO = NO;
				MTL_FAST_MATH = YES;
				SDKROOT = iphoneos;
				SWIFT_COMPILATION_MODE = wholemodule;
				SWIFT_OPTIMIZATION_LEVEL = "-O";
				VALIDATE_PRODUCT = YES;
			};
			name = Release;
		};
		796FDC0927CF68A8007FC5CA /* Debug */ = {
			isa = XCBuildConfiguration;
			buildSettings = {
				ASSETCATALOG_COMPILER_APPICON_NAME = AppIcon;
				ASSETCATALOG_COMPILER_GLOBAL_ACCENT_COLOR_NAME = AccentColor;
				CODE_SIGN_STYLE = Automatic;
				CURRENT_PROJECT_VERSION = 1;
				DEVELOPMENT_TEAM = KN7B2K65RX;
				GENERATE_INFOPLIST_FILE = YES;
				INFOPLIST_FILE = CompTermProject/Info.plist;
				INFOPLIST_KEY_CFBundleDisplayName = CompTermProject;
				INFOPLIST_KEY_NSCameraUsageDescription = "Let Us use your camera ";
				INFOPLIST_KEY_UIApplicationSupportsIndirectInputEvents = YES;
				INFOPLIST_KEY_UILaunchStoryboardName = LaunchScreen;
				INFOPLIST_KEY_UIMainStoryboardFile = Main;
				INFOPLIST_KEY_UISupportedInterfaceOrientations_iPad = "UIInterfaceOrientationPortrait UIInterfaceOrientationPortraitUpsideDown UIInterfaceOrientationLandscapeLeft UIInterfaceOrientationLandscapeRight";
				INFOPLIST_KEY_UISupportedInterfaceOrientations_iPhone = "UIInterfaceOrientationPortrait UIInterfaceOrientationLandscapeLeft UIInterfaceOrientationLandscapeRight";
				LD_RUNPATH_SEARCH_PATHS = (
					"$(inherited)",
					"@executable_path/Frameworks",
				);
				MARKETING_VERSION = 1.0;
				PRODUCT_BUNDLE_IDENTIFIER = Erenco.CompTermProject;
				PRODUCT_NAME = "$(TARGET_NAME)";
				SWIFT_EMIT_LOC_STRINGS = YES;
				SWIFT_VERSION = 5.0;
				TARGETED_DEVICE_FAMILY = "1,2";
			};
			name = Debug;
		};
		796FDC0A27CF68A8007FC5CA /* Release */ = {
			isa = XCBuildConfiguration;
			buildSettings = {
				ASSETCATALOG_COMPILER_APPICON_NAME = AppIcon;
				ASSETCATALOG_COMPILER_GLOBAL_ACCENT_COLOR_NAME = AccentColor;
				CODE_SIGN_STYLE = Automatic;
				CURRENT_PROJECT_VERSION = 1;
				DEVELOPMENT_TEAM = KN7B2K65RX;
				GENERATE_INFOPLIST_FILE = YES;
				INFOPLIST_FILE = CompTermProject/Info.plist;
				INFOPLIST_KEY_CFBundleDisplayName = CompTermProject;
				INFOPLIST_KEY_NSCameraUsageDescription = "Let Us use your camera ";
				INFOPLIST_KEY_UIApplicationSupportsIndirectInputEvents = YES;
				INFOPLIST_KEY_UILaunchStoryboardName = LaunchScreen;
				INFOPLIST_KEY_UIMainStoryboardFile = Main;
				INFOPLIST_KEY_UISupportedInterfaceOrientations_iPad = "UIInterfaceOrientationPortrait UIInterfaceOrientationPortraitUpsideDown UIInterfaceOrientationLandscapeLeft UIInterfaceOrientationLandscapeRight";
				INFOPLIST_KEY_UISupportedInterfaceOrientations_iPhone = "UIInterfaceOrientationPortrait UIInterfaceOrientationLandscapeLeft UIInterfaceOrientationLandscapeRight";
				LD_RUNPATH_SEARCH_PATHS = (
					"$(inherited)",
					"@executable_path/Frameworks",
				);
				MARKETING_VERSION = 1.0;
				PRODUCT_BUNDLE_IDENTIFIER = Erenco.CompTermProject;
				PRODUCT_NAME = "$(TARGET_NAME)";
				SWIFT_EMIT_LOC_STRINGS = YES;
				SWIFT_VERSION = 5.0;
				TARGETED_DEVICE_FAMILY = "1,2";
			};
			name = Release;
		};
/* End XCBuildConfiguration section */

/* Begin XCConfigurationList section */
		796FDBEF27CF68A7007FC5CA /* Build configuration list for PBXProject "CompTermProject" */ = {
			isa = XCConfigurationList;
			buildConfigurations = (
				796FDC0627CF68A8007FC5CA /* Debug */,
				796FDC0727CF68A8007FC5CA /* Release */,
			);
			defaultConfigurationIsVisible = 0;
			defaultConfigurationName = Release;
		};
		796FDC0827CF68A8007FC5CA /* Build configuration list for PBXNativeTarget "CompTermProject" */ = {
			isa = XCConfigurationList;
			buildConfigurations = (
				796FDC0927CF68A8007FC5CA /* Debug */,
				796FDC0A27CF68A8007FC5CA /* Release */,
			);
			defaultConfigurationIsVisible = 0;
			defaultConfigurationName = Release;
		};
/* End XCConfigurationList section */

/* Begin XCRemoteSwiftPackageReference section */
		792585B027F0947100054DA3 /* XCRemoteSwiftPackageReference "firebase-ios-sdk" */ = {
			isa = XCRemoteSwiftPackageReference;
			repositoryURL = "https://github.com/firebase/firebase-ios-sdk";
			requirement = {
				branch = master;
				kind = branch;
			};
		};
/* End XCRemoteSwiftPackageReference section */

/* Begin XCSwiftPackageProductDependency section */
		792585B127F0947100054DA3 /* FirebaseAuth */ = {
			isa = XCSwiftPackageProductDependency;
			package = 792585B027F0947100054DA3 /* XCRemoteSwiftPackageReference "firebase-ios-sdk" */;
			productName = FirebaseAuth;
		};
		792585B327F0947100054DA3 /* FirebaseAuthCombine-Community */ = {
			isa = XCSwiftPackageProductDependency;
			package = 792585B027F0947100054DA3 /* XCRemoteSwiftPackageReference "firebase-ios-sdk" */;
			productName = "FirebaseAuthCombine-Community";
		};
		792585B527F0947100054DA3 /* FirebaseDatabase */ = {
			isa = XCSwiftPackageProductDependency;
			package = 792585B027F0947100054DA3 /* XCRemoteSwiftPackageReference "firebase-ios-sdk" */;
			productName = FirebaseDatabase;
		};
		792585B727F0947100054DA3 /* FirebaseDatabaseSwift-Beta */ = {
			isa = XCSwiftPackageProductDependency;
			package = 792585B027F0947100054DA3 /* XCRemoteSwiftPackageReference "firebase-ios-sdk" */;
			productName = "FirebaseDatabaseSwift-Beta";
		};
		792585B927F0947100054DA3 /* FirebaseFirestore */ = {
			isa = XCSwiftPackageProductDependency;
			package = 792585B027F0947100054DA3 /* XCRemoteSwiftPackageReference "firebase-ios-sdk" */;
			productName = FirebaseFirestore;
		};
		792585BB27F0947100054DA3 /* FirebaseFirestoreCombine-Community */ = {
			isa = XCSwiftPackageProductDependency;
			package = 792585B027F0947100054DA3 /* XCRemoteSwiftPackageReference "firebase-ios-sdk" */;
			productName = "FirebaseFirestoreCombine-Community";
		};
		792585BD27F0947100054DA3 /* FirebaseFirestoreSwift-Beta */ = {
			isa = XCSwiftPackageProductDependency;
			package = 792585B027F0947100054DA3 /* XCRemoteSwiftPackageReference "firebase-ios-sdk" */;
			productName = "FirebaseFirestoreSwift-Beta";
		};
		792585BF27F0947100054DA3 /* FirebaseFunctions */ = {
			isa = XCSwiftPackageProductDependency;
			package = 792585B027F0947100054DA3 /* XCRemoteSwiftPackageReference "firebase-ios-sdk" */;
			productName = FirebaseFunctions;
		};
		792585C127F0947100054DA3 /* FirebaseStorage */ = {
			isa = XCSwiftPackageProductDependency;
			package = 792585B027F0947100054DA3 /* XCRemoteSwiftPackageReference "firebase-ios-sdk" */;
			productName = FirebaseStorage;
		};
/* End XCSwiftPackageProductDependency section */
	};
	rootObject = 796FDBEC27CF68A7007FC5CA /* Project object */;
}
